// !$*UTF8*$!
{
 archiveVersion = 1;
 classes = {};
 objectVersion = 56;
 objects = {
  F9D1CC06F88C05C89CA84E3C = { "isa" = "PBXFileReference"; "lastKnownFileType" = "sourcecode.swift"; "path" = "App/AppModel.swift"; "sourceTree" = "<group>"; };
  9C89DC32FD0F9C9E0A072C86 = { "isa" = "PBXBuildFile"; "fileRef" = "F9D1CC06F88C05C89CA84E3C"; };
  DEDE2F137885EBD3D25F936D = { "isa" = "PBXFileReference"; "lastKnownFileType" = "sourcecode.swift"; "path" = "App/ContentView.swift"; "sourceTree" = "<group>"; };
  E7F159CA6FA78ACA8F53FEB3 = { "isa" = "PBXBuildFile"; "fileRef" = "DEDE2F137885EBD3D25F936D"; };
  82E7AA269DD67335FA3E86B8 = { "isa" = "PBXFileReference"; "lastKnownFileType" = "sourcecode.swift"; "path" = "App/DuoSoundApp.swift"; "sourceTree" = "<group>"; };
  41055973EC4E66E442BC511B = { "isa" = "PBXBuildFile"; "fileRef" = "82E7AA269DD67335FA3E86B8"; };
  42ACB69D6FC476005A4978D0 = { "isa" = "PBXFileReference"; "lastKnownFileType" = "sourcecode.swift"; "path" = "App/HingeObservation.swift"; "sourceTree" = "<group>"; };
  B9A115D506DFE375E364729D = { "isa" = "PBXBuildFile"; "fileRef" = "42ACB69D6FC476005A4978D0"; };
  FA14884B8FAF3509D137C837 = { "isa" = "PBXFileReference"; "lastKnownFileType" = "sourcecode.swift"; "path" = "App/SoundPlayer.swift"; "sourceTree" = "<group>"; };
  D74A025AE15ABBFFC1305C37 = { "isa" = "PBXBuildFile"; "fileRef" = "FA14884B8FAF3509D137C837"; };
  655468F2111FF338DBB73C9C = { "isa" = "PBXFileReference"; "lastKnownFileType" = "sourcecode.swift"; "path" = "Sources/DuoSoundCore/FoldDetector.swift"; "sourceTree" = "<group>"; };
  9EF9B2CE52C92D342D79294B = { "isa" = "PBXBuildFile"; "fileRef" = "655468F2111FF338DBB73C9C"; };
  AC636593FAAE2A98E574EB40 = { "isa" = "PBXFileReference"; "lastKnownFileType" = "sourcecode.swift"; "path" = "Sources/DuoSoundCore/SoundSettings.swift"; "sourceTree" = "<group>"; };
  DE01102984E6A6B79BD45915 = { "isa" = "PBXBuildFile"; "fileRef" = "AC636593FAAE2A98E574EB40"; };
  591A42DC593D82E6C2D63A14 = { "isa" = "PBXFileReference"; "lastKnownFileType" = "sourcecode.swift"; "path" = "Sources/DuoSoundCore/SoundSynthesizer.swift"; "sourceTree" = "<group>"; };
  E07EC741BF6CEB6E8C37213C = { "isa" = "PBXBuildFile"; "fileRef" = "591A42DC593D82E6C2D63A14"; };
  A2CDD2B51B9CC7AF9D7B2D55 = { "isa" = "PBXFileReference"; "lastKnownFileType" = "text.plist.xml"; "path" = "App/Info.plist"; "sourceTree" = "<group>"; };
  CFE0EB6E4BB63A7D0998194B = { "isa" = "PBXFileReference"; "lastKnownFileType" = "text.xml"; "path" = "App/PrivacyInfo.xcprivacy"; "sourceTree" = "<group>"; };
  B1E797DEC00C4B11DE8A1D1F = { "isa" = "PBXBuildFile"; "fileRef" = "CFE0EB6E4BB63A7D0998194B"; };
  38A007151ABE87CC01A5B6E9 = { "isa" = "PBXFileReference"; "explicitFileType" = "wrapper.application"; "path" = "DuoSound.app"; "sourceTree" = "BUILT_PRODUCTS_DIR"; };
  FBDC4F23F93125BBEEAE800C = { "isa" = "PBXGroup"; "children" = ( "38A007151ABE87CC01A5B6E9", ); "name" = "Products"; "sourceTree" = "<group>"; };
  E50290A24C49A459B43487C5 = { "isa" = "PBXGroup"; "children" = ( "F9D1CC06F88C05C89CA84E3C", "DEDE2F137885EBD3D25F936D", "82E7AA269DD67335FA3E86B8", "42ACB69D6FC476005A4978D0", "FA14884B8FAF3509D137C837", "655468F2111FF338DBB73C9C", "AC636593FAAE2A98E574EB40", "591A42DC593D82E6C2D63A14", "A2CDD2B51B9CC7AF9D7B2D55", "CFE0EB6E4BB63A7D0998194B", "FBDC4F23F93125BBEEAE800C", ); "sourceTree" = "<group>"; };
  BCE16DD0260827ECF338C787 = { "isa" = "PBXSourcesBuildPhase"; "buildActionMask" = "2147483647"; "files" = ( "9C89DC32FD0F9C9E0A072C86", "E7F159CA6FA78ACA8F53FEB3", "41055973EC4E66E442BC511B", "B9A115D506DFE375E364729D", "D74A025AE15ABBFFC1305C37", "9EF9B2CE52C92D342D79294B", "DE01102984E6A6B79BD45915", "E07EC741BF6CEB6E8C37213C", ); "runOnlyForDeploymentPostprocessing" = "0"; };
  7561BFB015D8F536760CB671 = { "isa" = "PBXFrameworksBuildPhase"; "buildActionMask" = "2147483647"; "files" = ( ); "runOnlyForDeploymentPostprocessing" = "0"; };
  0189424A5A60FED329FA868E = { "isa" = "PBXResourcesBuildPhase"; "buildActionMask" = "2147483647"; "files" = ( "B1E797DEC00C4B11DE8A1D1F", ); "runOnlyForDeploymentPostprocessing" = "0"; };
  AB52CB08E0FDF02BF6C67C33 = { "isa" = "XCBuildConfiguration"; "name" = "Debug"; "buildSettings" = { "CLANG_ENABLE_MODULES" = "YES"; "CLANG_ENABLE_OBJC_ARC" = "YES"; "SDKROOT" = "iphoneos"; "IPHONEOS_DEPLOYMENT_TARGET" = "17.0"; "SWIFT_VERSION" = "5.0"; "ENABLE_USER_SCRIPT_SANDBOXING" = "YES"; "SWIFT_OPTIMIZATION_LEVEL" = "-Onone"; "DEBUG_INFORMATION_FORMAT" = "dwarf"; "SWIFT_ACTIVE_COMPILATION_CONDITIONS" = "$(inherited) DEBUG"; }; };
  59E1BEE911F66DA37FEBACDC = { "isa" = "XCBuildConfiguration"; "name" = "Debug"; "buildSettings" = { "PRODUCT_NAME" = "DuoSound"; "PRODUCT_BUNDLE_IDENTIFIER" = "com.seichris.duosound"; "INFOPLIST_FILE" = "App/Info.plist"; "GENERATE_INFOPLIST_FILE" = "NO"; "TARGETED_DEVICE_FAMILY" = "1,2"; "SUPPORTED_PLATFORMS" = "iphoneos iphonesimulator"; "SUPPORTS_MACCATALYST" = "NO"; "CODE_SIGN_STYLE" = "Automatic"; "CURRENT_PROJECT_VERSION" = "1"; "MARKETING_VERSION" = "0.1.0"; "LD_RUNPATH_SEARCH_PATHS" = ( "$(inherited)", "@executable_path/Frameworks", ); "ENABLE_PREVIEWS" = "YES"; }; };
  5283471FF90C511CFE244FFF = { "isa" = "XCBuildConfiguration"; "name" = "Release"; "buildSettings" = { "CLANG_ENABLE_MODULES" = "YES"; "CLANG_ENABLE_OBJC_ARC" = "YES"; "SDKROOT" = "iphoneos"; "IPHONEOS_DEPLOYMENT_TARGET" = "17.0"; "SWIFT_VERSION" = "5.0"; "ENABLE_USER_SCRIPT_SANDBOXING" = "YES"; "SWIFT_OPTIMIZATION_LEVEL" = "-O"; "DEBUG_INFORMATION_FORMAT" = "dwarf-with-dsym"; "SWIFT_ACTIVE_COMPILATION_CONDITIONS" = "$(inherited)"; }; };
  F4C425279CD5DDD18FD6DC6D = { "isa" = "XCBuildConfiguration"; "name" = "Release"; "buildSettings" = { "PRODUCT_NAME" = "DuoSound"; "PRODUCT_BUNDLE_IDENTIFIER" = "com.seichris.duosound"; "INFOPLIST_FILE" = "App/Info.plist"; "GENERATE_INFOPLIST_FILE" = "NO"; "TARGETED_DEVICE_FAMILY" = "1,2"; "SUPPORTED_PLATFORMS" = "iphoneos iphonesimulator"; "SUPPORTS_MACCATALYST" = "NO"; "CODE_SIGN_STYLE" = "Automatic"; "CURRENT_PROJECT_VERSION" = "1"; "MARKETING_VERSION" = "0.1.0"; "LD_RUNPATH_SEARCH_PATHS" = ( "$(inherited)", "@executable_path/Frameworks", ); "ENABLE_PREVIEWS" = "YES"; }; };
  9E86413CDDAF5D74374A4AB8 = { "isa" = "XCBuildConfiguration"; "name" = "Debug-Duo"; "buildSettings" = { "CLANG_ENABLE_MODULES" = "YES"; "CLANG_ENABLE_OBJC_ARC" = "YES"; "SDKROOT" = "iphoneos"; "IPHONEOS_DEPLOYMENT_TARGET" = "17.0"; "SWIFT_VERSION" = "5.0"; "ENABLE_USER_SCRIPT_SANDBOXING" = "YES"; "SWIFT_OPTIMIZATION_LEVEL" = "-Onone"; "DEBUG_INFORMATION_FORMAT" = "dwarf"; "SWIFT_ACTIVE_COMPILATION_CONDITIONS" = "$(inherited) DEBUG DUO_HINGE_SDK"; }; };
  55B28B5B6C9EB17288466028 = { "isa" = "XCBuildConfiguration"; "name" = "Debug-Duo"; "buildSettings" = { "PRODUCT_NAME" = "DuoSound"; "PRODUCT_BUNDLE_IDENTIFIER" = "com.seichris.duosound"; "INFOPLIST_FILE" = "App/Info.plist"; "GENERATE_INFOPLIST_FILE" = "NO"; "TARGETED_DEVICE_FAMILY" = "1,2"; "SUPPORTED_PLATFORMS" = "iphoneos iphonesimulator"; "SUPPORTS_MACCATALYST" = "NO"; "CODE_SIGN_STYLE" = "Automatic"; "CURRENT_PROJECT_VERSION" = "1"; "MARKETING_VERSION" = "0.1.0"; "LD_RUNPATH_SEARCH_PATHS" = ( "$(inherited)", "@executable_path/Frameworks", ); "ENABLE_PREVIEWS" = "YES"; }; };
  8081AC4F2DE8B513382277B1 = { "isa" = "XCBuildConfiguration"; "name" = "Release-Duo"; "buildSettings" = { "CLANG_ENABLE_MODULES" = "YES"; "CLANG_ENABLE_OBJC_ARC" = "YES"; "SDKROOT" = "iphoneos"; "IPHONEOS_DEPLOYMENT_TARGET" = "17.0"; "SWIFT_VERSION" = "5.0"; "ENABLE_USER_SCRIPT_SANDBOXING" = "YES"; "SWIFT_OPTIMIZATION_LEVEL" = "-O"; "DEBUG_INFORMATION_FORMAT" = "dwarf-with-dsym"; "SWIFT_ACTIVE_COMPILATION_CONDITIONS" = "$(inherited) DUO_HINGE_SDK"; }; };
  17517DF25137E4CAEDCDD13D = { "isa" = "XCBuildConfiguration"; "name" = "Release-Duo"; "buildSettings" = { "PRODUCT_NAME" = "DuoSound"; "PRODUCT_BUNDLE_IDENTIFIER" = "com.seichris.duosound"; "INFOPLIST_FILE" = "App/Info.plist"; "GENERATE_INFOPLIST_FILE" = "NO"; "TARGETED_DEVICE_FAMILY" = "1,2"; "SUPPORTED_PLATFORMS" = "iphoneos iphonesimulator"; "SUPPORTS_MACCATALYST" = "NO"; "CODE_SIGN_STYLE" = "Automatic"; "CURRENT_PROJECT_VERSION" = "1"; "MARKETING_VERSION" = "0.1.0"; "LD_RUNPATH_SEARCH_PATHS" = ( "$(inherited)", "@executable_path/Frameworks", ); "ENABLE_PREVIEWS" = "YES"; }; };
  640DC9EFD529235A8D9E2727 = { "isa" = "XCConfigurationList"; "buildConfigurations" = ( "AB52CB08E0FDF02BF6C67C33", "5283471FF90C511CFE244FFF", "9E86413CDDAF5D74374A4AB8", "8081AC4F2DE8B513382277B1", ); "defaultConfigurationIsVisible" = "0"; "defaultConfigurationName" = "Release"; };
  976B52545947CA66FD9EF2A4 = { "isa" = "XCConfigurationList"; "buildConfigurations" = ( "59E1BEE911F66DA37FEBACDC", "F4C425279CD5DDD18FD6DC6D", "55B28B5B6C9EB17288466028", "17517DF25137E4CAEDCDD13D", ); "defaultConfigurationIsVisible" = "0"; "defaultConfigurationName" = "Release"; };
  0E8A3AD980EC179856012B7E = { "isa" = "PBXNativeTarget"; "buildConfigurationList" = "976B52545947CA66FD9EF2A4"; "buildPhases" = ( "BCE16DD0260827ECF338C787", "7561BFB015D8F536760CB671", "0189424A5A60FED329FA868E", ); "buildRules" = ( ); "dependencies" = ( ); "name" = "DuoSound"; "productName" = "DuoSound"; "productReference" = "38A007151ABE87CC01A5B6E9"; "productType" = "com.apple.product-type.application"; };
  98F54143AB4E86B28C3AFEE0 = { "isa" = "PBXProject"; "attributes" = { "LastUpgradeCheck" = "1600"; }; "buildConfigurationList" = "640DC9EFD529235A8D9E2727"; "compatibilityVersion" = "Xcode 14.0"; "developmentRegion" = "en"; "hasScannedForEncodings" = "0"; "knownRegions" = ( "en", "Base", ); "mainGroup" = "E50290A24C49A459B43487C5"; "productRefGroup" = "FBDC4F23F93125BBEEAE800C"; "projectDirPath" = ""; "projectRoot" = ""; "targets" = ( "0E8A3AD980EC179856012B7E", ); };
 };
 rootObject = 98F54143AB4E86B28C3AFEE0;
}
