// !$*UTF8*$!
{
 archiveVersion = 1;
 classes = {};
 objectVersion = 56;
 objects = {
  F9D1CC06F88C05C89CA84E3C = { "isa" = "PBXFileReference"; "lastKnownFileType" = "sourcecode.swift"; "path" = "App/AppModel.swift"; "sourceTree" = "<group>"; };
  9C89DC32FD0F9C9E0A072C86 = { "isa" = "PBXBuildFile"; "fileRef" = "F9D1CC06F88C05C89CA84E3C"; };
  DEDE2F137885EBD3D25F936D = { "isa" = "PBXFileReference"; "lastKnownFileType" = "sourcecode.swift"; "path" = "App/ContentView.swift"; "sourceTree" = "<group>"; };
  E7F159CA6FA78ACA8F53FEB3 = { "isa" = "PBXBuildFile"; "fileRef" = "DEDE2F137885EBD3D25F936D"; };
  69B2D08792B0C495E6DAA241 = { "isa" = "PBXFileReference"; "lastKnownFileType" = "sourcecode.swift"; "path" = "App/DistributionGuard.swift"; "sourceTree" = "<group>"; };
  52F4A56168BC8AB3D572CAB5 = { "isa" = "PBXBuildFile"; "fileRef" = "69B2D08792B0C495E6DAA241"; };
  82E7AA269DD67335FA3E86B8 = { "isa" = "PBXFileReference"; "lastKnownFileType" = "sourcecode.swift"; "path" = "App/DuoSoundApp.swift"; "sourceTree" = "<group>"; };
  41055973EC4E66E442BC511B = { "isa" = "PBXBuildFile"; "fileRef" = "82E7AA269DD67335FA3E86B8"; };
  42ACB69D6FC476005A4978D0 = { "isa" = "PBXFileReference"; "lastKnownFileType" = "sourcecode.swift"; "path" = "App/HingeObservation.swift"; "sourceTree" = "<group>"; };
  B9A115D506DFE375E364729D = { "isa" = "PBXBuildFile"; "fileRef" = "42ACB69D6FC476005A4978D0"; };
  B31C68EC4AA0D3EE5E352DAA = { "isa" = "PBXFileReference"; "lastKnownFileType" = "sourcecode.swift"; "path" = "App/PrivacyView.swift"; "sourceTree" = "<group>"; };
  C5381C82319592536265ACB5 = { "isa" = "PBXBuildFile"; "fileRef" = "B31C68EC4AA0D3EE5E352DAA"; };
  FA14884B8FAF3509D137C837 = { "isa" = "PBXFileReference"; "lastKnownFileType" = "sourcecode.swift"; "path" = "App/SoundPlayer.swift"; "sourceTree" = "<group>"; };
  D74A025AE15ABBFFC1305C37 = { "isa" = "PBXBuildFile"; "fileRef" = "FA14884B8FAF3509D137C837"; };
  655468F2111FF338DBB73C9C = { "isa" = "PBXFileReference"; "lastKnownFileType" = "sourcecode.swift"; "path" = "Sources/DuoSoundCore/FoldDetector.swift"; "sourceTree" = "<group>"; };
  9EF9B2CE52C92D342D79294B = { "isa" = "PBXBuildFile"; "fileRef" = "655468F2111FF338DBB73C9C"; };
  AC636593FAAE2A98E574EB40 = { "isa" = "PBXFileReference"; "lastKnownFileType" = "sourcecode.swift"; "path" = "Sources/DuoSoundCore/SoundSettings.swift"; "sourceTree" = "<group>"; };
  DE01102984E6A6B79BD45915 = { "isa" = "PBXBuildFile"; "fileRef" = "AC636593FAAE2A98E574EB40"; };
  591A42DC593D82E6C2D63A14 = { "isa" = "PBXFileReference"; "lastKnownFileType" = "sourcecode.swift"; "path" = "Sources/DuoSoundCore/SoundSynthesizer.swift"; "sourceTree" = "<group>"; };
  E07EC741BF6CEB6E8C37213C = { "isa" = "PBXBuildFile"; "fileRef" = "591A42DC593D82E6C2D63A14"; };
  A2CDD2B51B9CC7AF9D7B2D55 = { "isa" = "PBXFileReference"; "lastKnownFileType" = "text.plist.xml"; "path" = "App/Info.plist"; "sourceTree" = "<group>"; };
  CFE0EB6E4BB63A7D0998194B = { "isa" = "PBXFileReference"; "lastKnownFileType" = "text.xml"; "path" = "App/PrivacyInfo.xcprivacy"; "sourceTree" = "<group>"; };
  B1E797DEC00C4B11DE8A1D1F = { "isa" = "PBXBuildFile"; "fileRef" = "CFE0EB6E4BB63A7D0998194B"; };
  366132E7F7EE48A2838F7656 = { "isa" = "PBXFileReference"; "lastKnownFileType" = "text"; "path" = "App/PrivacySummary.txt"; "sourceTree" = "<group>"; };
  4D06654392F7D473527549B1 = { "isa" = "PBXBuildFile"; "fileRef" = "366132E7F7EE48A2838F7656"; };
  E0C46FC9C6960273B8657C66 = { "isa" = "PBXFileReference"; "lastKnownFileType" = "folder.assetcatalog"; "path" = "App/Assets.xcassets"; "sourceTree" = "<group>"; };
  76D6D04E55EA44CB49E47078 = { "isa" = "PBXBuildFile"; "fileRef" = "E0C46FC9C6960273B8657C66"; };
  38A007151ABE87CC01A5B6E9 = { "isa" = "PBXFileReference"; "explicitFileType" = "wrapper.application"; "path" = "DuoSound.app"; "sourceTree" = "BUILT_PRODUCTS_DIR"; };
  FBDC4F23F93125BBEEAE800C = { "isa" = "PBXGroup"; "children" = ( "38A007151ABE87CC01A5B6E9", "9B7BED31F6F48AD5D908B2BC", ); "name" = "Products"; "sourceTree" = "<group>"; };
  E50290A24C49A459B43487C5 = { "isa" = "PBXGroup"; "children" = ( "F9D1CC06F88C05C89CA84E3C", "DEDE2F137885EBD3D25F936D", "69B2D08792B0C495E6DAA241", "82E7AA269DD67335FA3E86B8", "42ACB69D6FC476005A4978D0", "B31C68EC4AA0D3EE5E352DAA", "FA14884B8FAF3509D137C837", "655468F2111FF338DBB73C9C", "AC636593FAAE2A98E574EB40", "591A42DC593D82E6C2D63A14", "A2CDD2B51B9CC7AF9D7B2D55", "CFE0EB6E4BB63A7D0998194B", "366132E7F7EE48A2838F7656", "E0C46FC9C6960273B8657C66", "FBDC4F23F93125BBEEAE800C", "9AFFE09A5718062141866414", ); "sourceTree" = "<group>"; };
  22C01974B564AD754C5BD32D = { "isa" = "PBXShellScriptBuildPhase"; "buildActionMask" = "2147483647"; "files" = ( ); "inputPaths" = ( ); "outputPaths" = ( ); "runOnlyForDeploymentPostprocessing" = "0"; "alwaysOutOfDate" = "1"; "name" = "Generate icon and guard App Store release"; "shellPath" = "/bin/sh"; "shellScript" = "set -eu\ncd \"$SRCROOT\"\n/usr/bin/python3 scripts/generate_assets.py\nif [ \"$CONFIGURATION\" = \"AppStore\" ]; then\n  /usr/bin/python3 scripts/release_check.py --submission\nfi\n"; };
  BCE16DD0260827ECF338C787 = { "isa" = "PBXSourcesBuildPhase"; "buildActionMask" = "2147483647"; "files" = ( "9C89DC32FD0F9C9E0A072C86", "E7F159CA6FA78ACA8F53FEB3", "52F4A56168BC8AB3D572CAB5", "41055973EC4E66E442BC511B", "B9A115D506DFE375E364729D", "C5381C82319592536265ACB5", "D74A025AE15ABBFFC1305C37", "9EF9B2CE52C92D342D79294B", "DE01102984E6A6B79BD45915", "E07EC741BF6CEB6E8C37213C", ); "runOnlyForDeploymentPostprocessing" = "0"; };
  7561BFB015D8F536760CB671 = { "isa" = "PBXFrameworksBuildPhase"; "buildActionMask" = "2147483647"; "files" = ( ); "runOnlyForDeploymentPostprocessing" = "0"; };
  0189424A5A60FED329FA868E = { "isa" = "PBXResourcesBuildPhase"; "buildActionMask" = "2147483647"; "files" = ( "B1E797DEC00C4B11DE8A1D1F", "4D06654392F7D473527549B1", "76D6D04E55EA44CB49E47078", ); "runOnlyForDeploymentPostprocessing" = "0"; };
  AB52CB08E0FDF02BF6C67C33 = { "isa" = "XCBuildConfiguration"; "name" = "Debug"; "buildSettings" = { "CLANG_ENABLE_MODULES" = "YES"; "CLANG_ENABLE_OBJC_ARC" = "YES"; "SDKROOT" = "iphoneos"; "IPHONEOS_DEPLOYMENT_TARGET" = "17.0"; "SWIFT_VERSION" = "5.0"; "ENABLE_USER_SCRIPT_SANDBOXING" = "YES"; "SWIFT_OPTIMIZATION_LEVEL" = "-Onone"; "DEBUG_INFORMATION_FORMAT" = "dwarf"; "SWIFT_ACTIVE_COMPILATION_CONDITIONS" = "$(inherited) DEBUG"; }; };
  59E1BEE911F66DA37FEBACDC = { "isa" = "XCBuildConfiguration"; "name" = "Debug"; "buildSettings" = { "PRODUCT_NAME" = "DuoSound"; "PRODUCT_BUNDLE_IDENTIFIER" = "com.seichris.duosound"; "INFOPLIST_FILE" = "App/Info.plist"; "GENERATE_INFOPLIST_FILE" = "NO"; "TARGETED_DEVICE_FAMILY" = "1,2"; "SUPPORTED_PLATFORMS" = "iphoneos iphonesimulator"; "SUPPORTS_MACCATALYST" = "NO"; "CODE_SIGN_STYLE" = "Automatic"; "CURRENT_PROJECT_VERSION" = "1"; "MARKETING_VERSION" = "1.0"; "LD_RUNPATH_SEARCH_PATHS" = ( "$(inherited)", "@executable_path/Frameworks", ); "ENABLE_PREVIEWS" = "YES"; "ASSETCATALOG_COMPILER_APPICON_NAME" = "AppIcon"; "ENABLE_USER_SCRIPT_SANDBOXING" = "NO"; "DUO_SUPPORT_URL" = "https://github.com/seichris/duo-sound/issues"; "DUO_PRIVACY_URL" = "https://github.com/seichris/duo-sound/blob/main/docs/PRIVACY.md"; }; };
  5283471FF90C511CFE244FFF = { "isa" = "XCBuildConfiguration"; "name" = "Release"; "buildSettings" = { "CLANG_ENABLE_MODULES" = "YES"; "CLANG_ENABLE_OBJC_ARC" = "YES"; "SDKROOT" = "iphoneos"; "IPHONEOS_DEPLOYMENT_TARGET" = "17.0"; "SWIFT_VERSION" = "5.0"; "ENABLE_USER_SCRIPT_SANDBOXING" = "YES"; "SWIFT_OPTIMIZATION_LEVEL" = "-O"; "DEBUG_INFORMATION_FORMAT" = "dwarf-with-dsym"; "SWIFT_ACTIVE_COMPILATION_CONDITIONS" = "$(inherited)"; }; };
  F4C425279CD5DDD18FD6DC6D = { "isa" = "XCBuildConfiguration"; "name" = "Release"; "buildSettings" = { "PRODUCT_NAME" = "DuoSound"; "PRODUCT_BUNDLE_IDENTIFIER" = "com.seichris.duosound"; "INFOPLIST_FILE" = "App/Info.plist"; "GENERATE_INFOPLIST_FILE" = "NO"; "TARGETED_DEVICE_FAMILY" = "1,2"; "SUPPORTED_PLATFORMS" = "iphoneos iphonesimulator"; "SUPPORTS_MACCATALYST" = "NO"; "CODE_SIGN_STYLE" = "Automatic"; "CURRENT_PROJECT_VERSION" = "1"; "MARKETING_VERSION" = "1.0"; "LD_RUNPATH_SEARCH_PATHS" = ( "$(inherited)", "@executable_path/Frameworks", ); "ENABLE_PREVIEWS" = "YES"; "ASSETCATALOG_COMPILER_APPICON_NAME" = "AppIcon"; "ENABLE_USER_SCRIPT_SANDBOXING" = "NO"; "DUO_SUPPORT_URL" = "https://github.com/seichris/duo-sound/issues"; "DUO_PRIVACY_URL" = "https://github.com/seichris/duo-sound/blob/main/docs/PRIVACY.md"; }; };
  9E86413CDDAF5D74374A4AB8 = { "isa" = "XCBuildConfiguration"; "name" = "Debug-Duo"; "buildSettings" = { "CLANG_ENABLE_MODULES" = "YES"; "CLANG_ENABLE_OBJC_ARC" = "YES"; "SDKROOT" = "iphoneos"; "IPHONEOS_DEPLOYMENT_TARGET" = "17.0"; "SWIFT_VERSION" = "5.0"; "ENABLE_USER_SCRIPT_SANDBOXING" = "YES"; "SWIFT_OPTIMIZATION_LEVEL" = "-Onone"; "DEBUG_INFORMATION_FORMAT" = "dwarf"; "SWIFT_ACTIVE_COMPILATION_CONDITIONS" = "$(inherited) DEBUG DUO_HINGE_SDK"; }; };
  55B28B5B6C9EB17288466028 = { "isa" = "XCBuildConfiguration"; "name" = "Debug-Duo"; "buildSettings" = { "PRODUCT_NAME" = "DuoSound"; "PRODUCT_BUNDLE_IDENTIFIER" = "com.seichris.duosound"; "INFOPLIST_FILE" = "App/Info.plist"; "GENERATE_INFOPLIST_FILE" = "NO"; "TARGETED_DEVICE_FAMILY" = "1,2"; "SUPPORTED_PLATFORMS" = "iphoneos iphonesimulator"; "SUPPORTS_MACCATALYST" = "NO"; "CODE_SIGN_STYLE" = "Automatic"; "CURRENT_PROJECT_VERSION" = "1"; "MARKETING_VERSION" = "1.0"; "LD_RUNPATH_SEARCH_PATHS" = ( "$(inherited)", "@executable_path/Frameworks", ); "ENABLE_PREVIEWS" = "YES"; "ASSETCATALOG_COMPILER_APPICON_NAME" = "AppIcon"; "ENABLE_USER_SCRIPT_SANDBOXING" = "NO"; "DUO_SUPPORT_URL" = "https://github.com/seichris/duo-sound/issues"; "DUO_PRIVACY_URL" = "https://github.com/seichris/duo-sound/blob/main/docs/PRIVACY.md"; }; };
  8081AC4F2DE8B513382277B1 = { "isa" = "XCBuildConfiguration"; "name" = "Release-Duo"; "buildSettings" = { "CLANG_ENABLE_MODULES" = "YES"; "CLANG_ENABLE_OBJC_ARC" = "YES"; "SDKROOT" = "iphoneos"; "IPHONEOS_DEPLOYMENT_TARGET" = "17.0"; "SWIFT_VERSION" = "5.0"; "ENABLE_USER_SCRIPT_SANDBOXING" = "YES"; "SWIFT_OPTIMIZATION_LEVEL" = "-O"; "DEBUG_INFORMATION_FORMAT" = "dwarf-with-dsym"; "SWIFT_ACTIVE_COMPILATION_CONDITIONS" = "$(inherited) DUO_HINGE_SDK"; }; };
  17517DF25137E4CAEDCDD13D = { "isa" = "XCBuildConfiguration"; "name" = "Release-Duo"; "buildSettings" = { "PRODUCT_NAME" = "DuoSound"; "PRODUCT_BUNDLE_IDENTIFIER" = "com.seichris.duosound"; "INFOPLIST_FILE" = "App/Info.plist"; "GENERATE_INFOPLIST_FILE" = "NO"; "TARGETED_DEVICE_FAMILY" = "1,2"; "SUPPORTED_PLATFORMS" = "iphoneos iphonesimulator"; "SUPPORTS_MACCATALYST" = "NO"; "CODE_SIGN_STYLE" = "Automatic"; "CURRENT_PROJECT_VERSION" = "1"; "MARKETING_VERSION" = "1.0"; "LD_RUNPATH_SEARCH_PATHS" = ( "$(inherited)", "@executable_path/Frameworks", ); "ENABLE_PREVIEWS" = "YES"; "ASSETCATALOG_COMPILER_APPICON_NAME" = "AppIcon"; "ENABLE_USER_SCRIPT_SANDBOXING" = "NO"; "DUO_SUPPORT_URL" = "https://github.com/seichris/duo-sound/issues"; "DUO_PRIVACY_URL" = "https://github.com/seichris/duo-sound/blob/main/docs/PRIVACY.md"; }; };
  FB0ACF29B87BF5D865A19B77 = { "isa" = "XCBuildConfiguration"; "name" = "AppStore"; "buildSettings" = { "CLANG_ENABLE_MODULES" = "YES"; "CLANG_ENABLE_OBJC_ARC" = "YES"; "SDKROOT" = "iphoneos"; "IPHONEOS_DEPLOYMENT_TARGET" = "27.1"; "SWIFT_VERSION" = "5.0"; "ENABLE_USER_SCRIPT_SANDBOXING" = "YES"; "SWIFT_OPTIMIZATION_LEVEL" = "-O"; "DEBUG_INFORMATION_FORMAT" = "dwarf-with-dsym"; "SWIFT_ACTIVE_COMPILATION_CONDITIONS" = "$(inherited) DUO_HINGE_SDK APP_STORE_RELEASE"; }; };
  DC3F91BB853531C54B133772 = { "isa" = "XCBuildConfiguration"; "name" = "AppStore"; "buildSettings" = { "PRODUCT_NAME" = "DuoSound"; "PRODUCT_BUNDLE_IDENTIFIER" = "com.seichris.duosound"; "INFOPLIST_FILE" = "App/Info.plist"; "GENERATE_INFOPLIST_FILE" = "NO"; "TARGETED_DEVICE_FAMILY" = "1,2"; "SUPPORTED_PLATFORMS" = "iphoneos iphonesimulator"; "SUPPORTS_MACCATALYST" = "NO"; "CODE_SIGN_STYLE" = "Automatic"; "CURRENT_PROJECT_VERSION" = "1"; "MARKETING_VERSION" = "1.0"; "LD_RUNPATH_SEARCH_PATHS" = ( "$(inherited)", "@executable_path/Frameworks", ); "ENABLE_PREVIEWS" = "YES"; "ASSETCATALOG_COMPILER_APPICON_NAME" = "AppIcon"; "ENABLE_USER_SCRIPT_SANDBOXING" = "NO"; "DUO_SUPPORT_URL" = "https://github.com/seichris/duo-sound/issues"; "DUO_PRIVACY_URL" = "https://github.com/seichris/duo-sound/blob/main/docs/PRIVACY.md"; }; };
  640DC9EFD529235A8D9E2727 = { "isa" = "XCConfigurationList"; "buildConfigurations" = ( "AB52CB08E0FDF02BF6C67C33", "5283471FF90C511CFE244FFF", "9E86413CDDAF5D74374A4AB8", "8081AC4F2DE8B513382277B1", "FB0ACF29B87BF5D865A19B77", ); "defaultConfigurationIsVisible" = "0"; "defaultConfigurationName" = "Release"; };
  976B52545947CA66FD9EF2A4 = { "isa" = "XCConfigurationList"; "buildConfigurations" = ( "59E1BEE911F66DA37FEBACDC", "F4C425279CD5DDD18FD6DC6D", "55B28B5B6C9EB17288466028", "17517DF25137E4CAEDCDD13D", "DC3F91BB853531C54B133772", ); "defaultConfigurationIsVisible" = "0"; "defaultConfigurationName" = "Release"; };
  0E8A3AD980EC179856012B7E = { "isa" = "PBXNativeTarget"; "buildConfigurationList" = "976B52545947CA66FD9EF2A4"; "buildPhases" = ( "22C01974B564AD754C5BD32D", "BCE16DD0260827ECF338C787", "7561BFB015D8F536760CB671", "0189424A5A60FED329FA868E", ); "buildRules" = ( ); "dependencies" = ( ); "name" = "DuoSound"; "productName" = "DuoSound"; "productReference" = "38A007151ABE87CC01A5B6E9"; "productType" = "com.apple.product-type.application"; };
  9AFFE09A5718062141866414 = { "isa" = "PBXFileReference"; "lastKnownFileType" = "sourcecode.swift"; "path" = "UITests/ReleaseSmokeTests.swift"; "sourceTree" = "<group>"; };
  83F02D6885F4D6C239BCBCE7 = { "isa" = "PBXBuildFile"; "fileRef" = "9AFFE09A5718062141866414"; };
  9B7BED31F6F48AD5D908B2BC = { "isa" = "PBXFileReference"; "explicitFileType" = "wrapper.cfbundle"; "path" = "DuoSoundUITests.xctest"; "sourceTree" = "BUILT_PRODUCTS_DIR"; };
  F9ACDEB529017EFC18F5E60A = { "isa" = "PBXSourcesBuildPhase"; "buildActionMask" = "2147483647"; "files" = ( "83F02D6885F4D6C239BCBCE7", ); "runOnlyForDeploymentPostprocessing" = "0"; };
  39F831DAFE5A2F37503C83B2 = { "isa" = "PBXFrameworksBuildPhase"; "buildActionMask" = "2147483647"; "files" = ( ); "runOnlyForDeploymentPostprocessing" = "0"; };
  19F0976CA299F93A2DFF5F71 = { "isa" = "PBXResourcesBuildPhase"; "buildActionMask" = "2147483647"; "files" = ( ); "runOnlyForDeploymentPostprocessing" = "0"; };
  F8B78ACA5B83D91EDF0C287C = { "isa" = "XCBuildConfiguration"; "name" = "Debug"; "buildSettings" = { "PRODUCT_NAME" = "DuoSoundUITests"; "PRODUCT_BUNDLE_IDENTIFIER" = "com.seichris.duosound.uitests"; "GENERATE_INFOPLIST_FILE" = "YES"; "TEST_TARGET_NAME" = "DuoSound"; "TARGETED_DEVICE_FAMILY" = "1,2"; "CODE_SIGN_STYLE" = "Automatic"; "LD_RUNPATH_SEARCH_PATHS" = ( "$(inherited)", "@executable_path/Frameworks", "@loader_path/Frameworks", ); }; };
  41EF77E3A61FF870E6DBD1CC = { "isa" = "XCBuildConfiguration"; "name" = "Release"; "buildSettings" = { "PRODUCT_NAME" = "DuoSoundUITests"; "PRODUCT_BUNDLE_IDENTIFIER" = "com.seichris.duosound.uitests"; "GENERATE_INFOPLIST_FILE" = "YES"; "TEST_TARGET_NAME" = "DuoSound"; "TARGETED_DEVICE_FAMILY" = "1,2"; "CODE_SIGN_STYLE" = "Automatic"; "LD_RUNPATH_SEARCH_PATHS" = ( "$(inherited)", "@executable_path/Frameworks", "@loader_path/Frameworks", ); }; };
  A46557C159EECD5F5DFB9542 = { "isa" = "XCBuildConfiguration"; "name" = "Debug-Duo"; "buildSettings" = { "PRODUCT_NAME" = "DuoSoundUITests"; "PRODUCT_BUNDLE_IDENTIFIER" = "com.seichris.duosound.uitests"; "GENERATE_INFOPLIST_FILE" = "YES"; "TEST_TARGET_NAME" = "DuoSound"; "TARGETED_DEVICE_FAMILY" = "1,2"; "CODE_SIGN_STYLE" = "Automatic"; "LD_RUNPATH_SEARCH_PATHS" = ( "$(inherited)", "@executable_path/Frameworks", "@loader_path/Frameworks", ); }; };
  0A017D00BB700818B0D7A1BD = { "isa" = "XCBuildConfiguration"; "name" = "Release-Duo"; "buildSettings" = { "PRODUCT_NAME" = "DuoSoundUITests"; "PRODUCT_BUNDLE_IDENTIFIER" = "com.seichris.duosound.uitests"; "GENERATE_INFOPLIST_FILE" = "YES"; "TEST_TARGET_NAME" = "DuoSound"; "TARGETED_DEVICE_FAMILY" = "1,2"; "CODE_SIGN_STYLE" = "Automatic"; "LD_RUNPATH_SEARCH_PATHS" = ( "$(inherited)", "@executable_path/Frameworks", "@loader_path/Frameworks", ); }; };
  5227667190464F5A00F3E432 = { "isa" = "XCBuildConfiguration"; "name" = "AppStore"; "buildSettings" = { "PRODUCT_NAME" = "DuoSoundUITests"; "PRODUCT_BUNDLE_IDENTIFIER" = "com.seichris.duosound.uitests"; "GENERATE_INFOPLIST_FILE" = "YES"; "TEST_TARGET_NAME" = "DuoSound"; "TARGETED_DEVICE_FAMILY" = "1,2"; "CODE_SIGN_STYLE" = "Automatic"; "LD_RUNPATH_SEARCH_PATHS" = ( "$(inherited)", "@executable_path/Frameworks", "@loader_path/Frameworks", ); }; };
  3AB36C5A259E6297ABD26694 = { "isa" = "XCConfigurationList"; "buildConfigurations" = ( "F8B78ACA5B83D91EDF0C287C", "41EF77E3A61FF870E6DBD1CC", "A46557C159EECD5F5DFB9542", "0A017D00BB700818B0D7A1BD", "5227667190464F5A00F3E432", ); "defaultConfigurationIsVisible" = "0"; "defaultConfigurationName" = "Release"; };
  C79C3E4FFACCEA2AC84AC2E0 = { "isa" = "PBXContainerItemProxy"; "containerPortal" = "98F54143AB4E86B28C3AFEE0"; "proxyType" = "1"; "remoteGlobalIDString" = "0E8A3AD980EC179856012B7E"; "remoteInfo" = "DuoSound"; };
  FE41E3343258A6882539145A = { "isa" = "PBXTargetDependency"; "target" = "0E8A3AD980EC179856012B7E"; "targetProxy" = "C79C3E4FFACCEA2AC84AC2E0"; };
  794AAC98ACE6EB716B86C3A5 = { "isa" = "PBXNativeTarget"; "buildConfigurationList" = "3AB36C5A259E6297ABD26694"; "buildPhases" = ( "F9ACDEB529017EFC18F5E60A", "39F831DAFE5A2F37503C83B2", "19F0976CA299F93A2DFF5F71", ); "buildRules" = ( ); "dependencies" = ( "FE41E3343258A6882539145A", ); "name" = "DuoSoundUITests"; "productName" = "DuoSoundUITests"; "productReference" = "9B7BED31F6F48AD5D908B2BC"; "productType" = "com.apple.product-type.bundle.ui-testing"; };
  98F54143AB4E86B28C3AFEE0 = { "isa" = "PBXProject"; "attributes" = { "LastUpgradeCheck" = "1600"; }; "buildConfigurationList" = "640DC9EFD529235A8D9E2727"; "compatibilityVersion" = "Xcode 14.0"; "developmentRegion" = "en"; "hasScannedForEncodings" = "0"; "knownRegions" = ( "en", "Base", ); "mainGroup" = "E50290A24C49A459B43487C5"; "productRefGroup" = "FBDC4F23F93125BBEEAE800C"; "projectDirPath" = ""; "projectRoot" = ""; "targets" = ( "0E8A3AD980EC179856012B7E", "794AAC98ACE6EB716B86C3A5", ); };
 };
 rootObject = 98F54143AB4E86B28C3AFEE0;
}
